
Microsoft Visual Studio Solution File, Format Version 12.00
# Visual Studio 15
VisualStudioVersion = 15.0.27004.2005
MinimumVisualStudioVersion = 10.0.40219.1
Project("{FAE04EC0-301F-11D3-BF4B-00C04F79EFBC}") = "CarServiceGame.Desktop", "CarServiceGame.Desktop\CarServiceGame.Desktop.csproj", "{9C2EBD0F-3FAC-4A77-AFC3-B29672EFA125}"
EndProject
Project("{9A19103F-16F7-4668-BE54-9A1E7A4F7556}") = "CarServiceGame.Domain", "CarServiceGame.Domain\CarServiceGame.Domain.csproj", "{FB2E85BD-DECF-40F7-9162-9C4982C99E86}"
EndProject
Project("{9A19103F-16F7-4668-BE54-9A1E7A4F7556}") = "CarServiceGame.UnitTests", "CarServiceGame.UnitTests\CarServiceGame.UnitTests.csproj", "{7399C558-0C51-4D17-B83F-45CDC7F10857}"
EndProject
Global
	GlobalSection(SolutionConfigurationPlatforms) = preSolution
		Debug|Any CPU = Debug|Any CPU
		Release|Any CPU = Release|Any CPU
	EndGlobalSection
	GlobalSection(ProjectConfigurationPlatforms) = postSolution
		{9C2EBD0F-3FAC-4A77-AFC3-B29672EFA125}.Debug|Any CPU.ActiveCfg = Debug|Any CPU
		{9C2EBD0F-3FAC-4A77-AFC3-B29672EFA125}.Debug|Any CPU.Build.0 = Debug|Any CPU
		{9C2EBD0F-3FAC-4A77-AFC3-B29672EFA125}.Release|Any CPU.ActiveCfg = Release|Any CPU
		{9C2EBD0F-3FAC-4A77-AFC3-B29672EFA125}.Release|Any CPU.Build.0 = Release|Any CPU
		{FB2E85BD-DECF-40F7-9162-9C4982C99E86}.Debug|Any CPU.ActiveCfg = Debug|Any CPU
		{FB2E85BD-DECF-40F7-9162-9C4982C99E86}.Debug|Any CPU.Build.0 = Debug|Any CPU
		{FB2E85BD-DECF-40F7-9162-9C4982C99E86}.Release|Any CPU.ActiveCfg = Release|Any CPU
		{FB2E85BD-DECF-40F7-9162-9C4982C99E86}.Release|Any CPU.Build.0 = Release|Any CPU
		{7399C558-0C51-4D17-B83F-45CDC7F10857}.Debug|Any CPU.ActiveCfg = Debug|Any CPU
		{7399C558-0C51-4D17-B83F-45CDC7F10857}.Debug|Any CPU.Build.0 = Debug|Any CPU
		{7399C558-0C51-4D17-B83F-45CDC7F10857}.Release|Any CPU.ActiveCfg = Release|Any CPU
		{7399C558-0C51-4D17-B83F-45CDC7F10857}.Release|Any CPU.Build.0 = Release|Any CPU
	EndGlobalSection
	GlobalSection(SolutionProperties) = preSolution
		HideSolutionNode = FALSE
	EndGlobalSection
	GlobalSection(ExtensibilityGlobals) = postSolution
		SolutionGuid = {31037BDE-2939-496C-A50F-5A37C98BF325}
	EndGlobalSection
EndGlobal
